<?xml version="1.0" encoding="utf-8"?>
<Project ToolsVersion="4.0" xmlns="http://schemas.microsoft.com/developer/msbuild/2003">
  <ItemGroup>
    <Filter Include="Source Files">
      <UniqueIdentifier>{4FC737F1-C7A5-4376-A066-2A32D752A2FF}</UniqueIdentifier>
      <Extensions>cpp;c;cc;cxx;def;odl;idl;hpj;bat;asm;asmx</Extensions>
    </Filter>
    <Filter Include="Headers">
      <UniqueIdentifier>{a8f79e1d-4661-4452-80a1-d8e2d30f73f1}</UniqueIdentifier>
      <Extensions>h</Extensions>
    </Filter>
  </ItemGroup>
  <ItemGroup>
    <ClCompile Include="src\main.cpp">
      <Filter>Source Files</Filter>
    </ClCompile>
    <ClCompile Include="src\window.cpp">
      <Filter>Source Files</Filter>
    </ClCompile>
    <ClCompile Include="src\shader_manager.cpp">
      <Filter>Source Files</Filter>
    </ClCompile>
    <ClCompile Include="src\scene_transform.cpp">
      <Filter>Source Files</Filter>
    </ClCompile>
    <ClCompile Include="src\scene_group.cpp">
      <Filter>Source Files</Filter>
    </ClCompile>
    <ClCompile Include="src\scene_camera.cpp">
      <Filter>Source Files</Filter>
    </ClCompile>
    <ClCompile Include="src\geometry_generator.cpp">
      <Filter>Source Files</Filter>
    </ClCompile>
    <ClCompile Include="src\scene_model.cpp">
      <Filter>Source Files</Filter>
    </ClCompile>
    <ClCompile Include="src\geometry.cpp">
      <Filter>Source Files</Filter>
    </ClCompile>
    <ClCompile Include="src\scene.cpp">
      <Filter>Source Files</Filter>
    </ClCompile>
    <ClCompile Include="src\util.cpp">
      <Filter>Source Files</Filter>
    </ClCompile>
    <ClCompile Include="src\basic_shader.cpp">
      <Filter>Source Files</Filter>
    </ClCompile>
    <ClCompile Include="src\shader.cpp">
      <Filter>Source Files</Filter>
    </ClCompile>
    <ClCompile Include="src\skybox_shader.cpp">
      <Filter>Source Files</Filter>
    </ClCompile>
    <ClCompile Include="src\greed.cpp">
      <Filter>Source Files</Filter>
    </ClCompile>
    <ClCompile Include="src\greed_vr.cpp">
      <Filter>Source Files</Filter>
    </ClCompile>
    <ClCompile Include="src\terrain.cpp">
      <Filter>Source Files</Filter>
    </ClCompile>
    <ClCompile Include="src\shadow_shader.cpp">
      <Filter>Source Files</Filter>
    </ClCompile>
    <ClCompile Include="src\tree.cpp">
      <Filter>Source Files</Filter>
    </ClCompile>
    <ClCompile Include="src\scene_animation.cpp">
      <Filter>Source Files</Filter>
    </ClCompile>
    <ClCompile Include="src\shape_grammar.cpp">
      <Filter>Source Files</Filter>
    </ClCompile>
  </ItemGroup>
  <ItemGroup>
    <None Include="packages.config" />
  </ItemGroup>
  <ItemGroup>
    <ClInclude Include="inc\window.h">
      <Filter>Headers</Filter>
    </ClInclude>
    <ClInclude Include="inc\shader_manager.h">
      <Filter>Headers</Filter>
    </ClInclude>
    <ClInclude Include="inc\scene_transform.h">
      <Filter>Headers</Filter>
    </ClInclude>
    <ClInclude Include="inc\scene_node.h">
      <Filter>Headers</Filter>
    </ClInclude>
    <ClInclude Include="inc\scene_group.h">
      <Filter>Headers</Filter>
    </ClInclude>
    <ClInclude Include="inc\scene_camera.h">
      <Filter>Headers</Filter>
    </ClInclude>
    <ClInclude Include="inc\geometry_generator.h">
      <Filter>Headers</Filter>
    </ClInclude>
    <ClInclude Include="inc\scene_model.h">
      <Filter>Headers</Filter>
    </ClInclude>
    <ClInclude Include="inc\geometry.h">
      <Filter>Headers</Filter>
    </ClInclude>
    <ClInclude Include="inc\material.h">
      <Filter>Headers</Filter>
    </ClInclude>
    <ClInclude Include="inc\mesh.h">
      <Filter>Headers</Filter>
    </ClInclude>
    <ClInclude Include="inc\scene.h">
      <Filter>Headers</Filter>
    </ClInclude>
    <ClInclude Include="inc\util.h">
      <Filter>Headers</Filter>
    </ClInclude>
    <ClInclude Include="inc\basic_shader.h">
      <Filter>Headers</Filter>
    </ClInclude>
    <ClInclude Include="inc\shader.h">
      <Filter>Headers</Filter>
    </ClInclude>
    <ClInclude Include="inc\skybox_shader.h">
      <Filter>Headers</Filter>
    </ClInclude>
    <ClInclude Include="inc\colors.h">
      <Filter>Headers</Filter>
    </ClInclude>
    <ClInclude Include="inc\greed.h">
      <Filter>Headers</Filter>
    </ClInclude>
    <ClInclude Include="inc\greed_vr.h">
      <Filter>Headers</Filter>
    </ClInclude>
    <ClInclude Include="inc\terrain.h">
      <Filter>Headers</Filter>
    </ClInclude>
    <ClInclude Include="inc\shadow_shader.h">
      <Filter>Headers</Filter>
    </ClInclude>
    <ClInclude Include="inc\plane.h">
      <Filter>Headers</Filter>
    </ClInclude>
    <ClInclude Include="inc\tree.h">
      <Filter>Headers</Filter>
    </ClInclude>
    <ClInclude Include="inc\scene_animation.h">
      <Filter>Headers</Filter>
    </ClInclude>
    <ClInclude Include="inc\shape_grammar.h">
      <Filter>Headers</Filter>
    </ClInclude>
  </ItemGroup>
</Project>